
Microsoft Visual Studio Solution File, Format Version 12.00
# Visual Studio 15
VisualStudioVersion = 15.0.28307.489
MinimumVisualStudioVersion = 10.0.40219.1
Project("{FAE04EC0-301F-11D3-BF4B-00C04F79EFBC}") = "Schmoftware", "Schmoftware\Schmoftware.csproj", "{3695B4FE-FCA5-43F6-BF38-7594223EF5D7}"
EndProject
Project("{FAE04EC0-301F-11D3-BF4B-00C04F79EFBC}") = "UnitTestSchmoftware", "UnitTestSchmoftware\UnitTestSchmoftware.csproj", "{C87D420B-88F1-47E7-8D8A-D7EB1DCF2395}"
EndProject
Global
	GlobalSection(SolutionConfigurationPlatforms) = preSolution
		Debug|Any CPU = Debug|Any CPU
		Release|Any CPU = Release|Any CPU
	EndGlobalSection
	GlobalSection(ProjectConfigurationPlatforms) = postSolution
		{3695B4FE-FCA5-43F6-BF38-7594223EF5D7}.Debug|Any CPU.ActiveCfg = Debug|Any CPU
		{3695B4FE-FCA5-43F6-BF38-7594223EF5D7}.Debug|Any CPU.Build.0 = Debug|Any CPU
		{3695B4FE-FCA5-43F6-BF38-7594223EF5D7}.Release|Any CPU.ActiveCfg = Release|Any CPU
		{3695B4FE-FCA5-43F6-BF38-7594223EF5D7}.Release|Any CPU.Build.0 = Release|Any CPU
		{C87D420B-88F1-47E7-8D8A-D7EB1DCF2395}.Debug|Any CPU.ActiveCfg = Debug|Any CPU
		{C87D420B-88F1-47E7-8D8A-D7EB1DCF2395}.Debug|Any CPU.Build.0 = Debug|Any CPU
		{C87D420B-88F1-47E7-8D8A-D7EB1DCF2395}.Release|Any CPU.ActiveCfg = Release|Any CPU
		{C87D420B-88F1-47E7-8D8A-D7EB1DCF2395}.Release|Any CPU.Build.0 = Release|Any CPU
	EndGlobalSection
	GlobalSection(SolutionProperties) = preSolution
		HideSolutionNode = FALSE
	EndGlobalSection
	GlobalSection(ExtensibilityGlobals) = postSolution
		SolutionGuid = {CE7B4AC3-6F28-4C13-863E-E3A488FDD23D}
	EndGlobalSection
EndGlobal
